
Microsoft Visual Studio Solution File, Format Version 12.00
# Visual Studio Version 17
VisualStudioVersion = 17.12.35707.178
MinimumVisualStudioVersion = 10.0.40219.1
Project("{FAE04EC0-301F-11D3-BF4B-00C04F79EFBC}") = "GeniyIdiotConsoleApp", "GeniyIdiotConsoleApp\GeniyIdiotConsoleApp.csproj", "{7C47E856-380A-438C-A467-01D516AD529A}"
EndProject
Project("{FAE04EC0-301F-11D3-BF4B-00C04F79EFBC}") = "GeniyIdiotWinForm", "WinFormsApp4\GeniyIdiotWinForm.csproj", "{A71F4163-D1A4-42D4-B601-E40E1E8F2D79}"
EndProject
Global
	GlobalSection(SolutionConfigurationPlatforms) = preSolution
		Debug|Any CPU = Debug|Any CPU
		Release|Any CPU = Release|Any CPU
	EndGlobalSection
	GlobalSection(ProjectConfigurationPlatforms) = postSolution
		{7C47E856-380A-438C-A467-01D516AD529A}.Debug|Any CPU.ActiveCfg = Debug|Any CPU
		{7C47E856-380A-438C-A467-01D516AD529A}.Debug|Any CPU.Build.0 = Debug|Any CPU
		{7C47E856-380A-438C-A467-01D516AD529A}.Release|Any CPU.ActiveCfg = Release|Any CPU
		{7C47E856-380A-438C-A467-01D516AD529A}.Release|Any CPU.Build.0 = Release|Any CPU
		{A71F4163-D1A4-42D4-B601-E40E1E8F2D79}.Debug|Any CPU.ActiveCfg = Debug|Any CPU
		{A71F4163-D1A4-42D4-B601-E40E1E8F2D79}.Debug|Any CPU.Build.0 = Debug|Any CPU
		{A71F4163-D1A4-42D4-B601-E40E1E8F2D79}.Release|Any CPU.ActiveCfg = Release|Any CPU
		{A71F4163-D1A4-42D4-B601-E40E1E8F2D79}.Release|Any CPU.Build.0 = Release|Any CPU
	EndGlobalSection
	GlobalSection(SolutionProperties) = preSolution
		HideSolutionNode = FALSE
	EndGlobalSection
	GlobalSection(ExtensibilityGlobals) = postSolution
		SolutionGuid = {3A8EFC2C-09AF-4AC5-BC9B-1D22FDBA2643}
	EndGlobalSection
EndGlobal
